Microsoft Visual Studio Solution File, Format Version 12.00
# Visual Studio Version 17
VisualStudioVersion = 17.5.2.0
MinimumVisualStudioVersion = 10.0.40219.1
Project("{FAE04EC0-301F-11D3-BF4B-00C04F79EFBC}") = "EduShelf.Api", "EduShelf.Api\EduShelf.Api.csproj", "{17D4B0E9-DA22-5C61-903F-9F27B4141C45}"
EndProject
Project("{FAE04EC0-301F-11D3-BF4B-00C04F79EFBC}") = "EduShelf.Api.Tests", "EduShelf.Api.Tests\EduShelf.Api.Tests.csproj", "{25024F7A-5024-47B7-9706-A901FEBE6037}"
EndProject
Global
	GlobalSection(SolutionConfigurationPlatforms) = preSolution
		Debug|Any CPU = Debug|Any CPU
		Release|Any CPU = Release|Any CPU
	EndGlobalSection
	GlobalSection(ProjectConfigurationPlatforms) = postSolution
		{17D4B0E9-DA22-5C61-903F-9F27B4141C45}.Debug|Any CPU.ActiveCfg = Debug|Any CPU
		{17D4B0E9-DA22-5C61-903F-9F27B4141C45}.Debug|Any CPU.Build.0 = Debug|Any CPU
		{17D4B0E9-DA22-5C61-903F-9F27B4141C45}.Release|Any CPU.ActiveCfg = Release|Any CPU
		{17D4B0E9-DA22-5C61-903F-9F27B4141C45}.Release|Any CPU.Build.0 = Release|Any CPU
		{25024F7A-5024-47B7-9706-A901FEBE6037}.Debug|Any CPU.ActiveCfg = Debug|Any CPU
		{25024F7A-5024-47B7-9706-A901FEBE6037}.Debug|Any CPU.Build.0 = Debug|Any CPU
		{25024F7A-5024-47B7-9706-A901FEBE6037}.Release|Any CPU.ActiveCfg = Release|Any CPU
		{25024F7A-5024-47B7-9706-A901FEBE6037}.Release|Any CPU.Build.0 = Release|Any CPU
	EndGlobalSection
	GlobalSection(SolutionProperties) = preSolution
		HideSolutionNode = FALSE
	EndGlobalSection
	GlobalSection(ExtensibilityGlobals) = postSolution
		SolutionGuid = {14D7E664-9A5D-4A35-95FF-ECFA686163D6}
	EndGlobalSection
EndGlobal
